{
    "_readme": [
        "This file locks the dependencies of your project to a known state",
        "Read more about it at http://getcomposer.org/doc/01-basic-usage.md#composer-lock-the-lock-file",
        "This file is @generated automatically"
    ],
    "hash": "a3d06de331f4a181511eb456588f2b75",
    "packages": [
        {
            "name": "beberlei/assert",
            "version": "v2.3",
            "source": {
                "type": "git",
                "url": "https://github.com/beberlei/assert.git",
                "reference": "160eba4d1fbe692e42b3cf8a20b92ab23e3a8759"
            },
            "dist": {
                "type": "zip",
                "url": "https://api.github.com/repos/beberlei/assert/zipball/160eba4d1fbe692e42b3cf8a20b92ab23e3a8759",
                "reference": "160eba4d1fbe692e42b3cf8a20b92ab23e3a8759",
                "shasum": ""
            },
            "require": {
                "ext-mbstring": "*"
            },
            "type": "library",
            "extra": {
                "branch-alias": {
                    "dev-master": "2.3-dev"
                }
            },
            "autoload": {
                "psr-0": {
                    "Assert": "lib/"
                },
                "files": [
                    "lib/Assert/functions.php"
                ]
            },
            "notification-url": "https://packagist.org/downloads/",
            "license": [
                "BSD-2-Clause"
            ],
            "authors": [
                {
                    "name": "Benjamin Eberlei",
                    "email": "kontakt@beberlei.de"
                }
            ],
            "description": "Thin assertion library for input validation in business models.",
            "keywords": [
                "assert",
                "assertion",
                "validation"
            ],
            "time": "2014-12-18 19:12:40"
        },
        {
            "name": "simple-bus/command-bus",
            "version": "v1.0.1",
            "source": {
                "type": "git",
                "url": "https://github.com/SimpleBus/CommandBus.git",
                "reference": "e9a72ac3675743243ce5ab71c9d83f79d728c279"
            },
            "dist": {
                "type": "zip",
                "url": "https://api.github.com/repos/SimpleBus/CommandBus/zipball/e9a72ac3675743243ce5ab71c9d83f79d728c279",
                "reference": "e9a72ac3675743243ce5ab71c9d83f79d728c279",
                "shasum": ""
            },
            "require": {
                "beberlei/assert": "~2.0",
                "php": ">=5.4"
            },
            "require-dev": {
                "phpunit/phpunit": "~3.7"
            },
            "suggest": {
                "simple-bus/command-event-bridge": "Bridge for using both command buses and event buses",
                "simple-bus/doctrine-orm-bridge": "Bridge for using command buses and event buses with Doctrine ORM",
                "simple-bus/event-bus": "Simple event bus implementation",
                "simple-bus/symfony-bridge": "Bridge for using command buses and event buses with Symfony"
            },
            "type": "library",
            "autoload": {
                "psr-4": {
                    "SimpleBus\\Command\\": "src"
                }
            },
            "notification-url": "https://packagist.org/downloads/",
            "license": [
                "MIT"
            ],
            "authors": [
                {
                    "name": "Matthias Noback",
                    "email": "matthiasnoback@gmail.com",
                    "homepage": "http://php-and-symfony.matthiasnoback.nl"
                }
            ],
            "description": " Stand-alone command bus library for PHP ",
            "homepage": "http://github.com/SimpleBus/CommandBus",
            "keywords": [
                "command",
                "command bus"
            ],
            "time": "2014-11-07 11:44:16"
        }
    ],
    "packages-dev": [],
    "aliases": [],
    "minimum-stability": "stable",
    "stability-flags": [],
    "prefer-stable": false,
    "platform": [],
    "platform-dev": []
}
